
Microsoft Visual Studio Solution File, Format Version 12.00
# Visual Studio Version 16
VisualStudioVersion = 16.0.29911.84
MinimumVisualStudioVersion = 10.0.40219.1
Project("{FAE04EC0-301F-11D3-BF4B-00C04F79EFBC}") = "NoFail_Fail_Indicator", "NoFail Fail Indicator\NoFail_Fail_Indicator.csproj", "{40BE3113-5C5B-4287-8BC2-F81C5D541518}"
EndProject
Global
	GlobalSection(SolutionConfigurationPlatforms) = preSolution
		Debug|Any CPU = Debug|Any CPU
		Release|Any CPU = Release|Any CPU
	EndGlobalSection
	GlobalSection(ProjectConfigurationPlatforms) = postSolution
		{40BE3113-5C5B-4287-8BC2-F81C5D541518}.Debug|Any CPU.ActiveCfg = Debug|Any CPU
		{40BE3113-5C5B-4287-8BC2-F81C5D541518}.Debug|Any CPU.Build.0 = Debug|Any CPU
		{40BE3113-5C5B-4287-8BC2-F81C5D541518}.Release|Any CPU.ActiveCfg = Release|Any CPU
		{40BE3113-5C5B-4287-8BC2-F81C5D541518}.Release|Any CPU.Build.0 = Release|Any CPU
	EndGlobalSection
	GlobalSection(SolutionProperties) = preSolution
		HideSolutionNode = FALSE
	EndGlobalSection
	GlobalSection(ExtensibilityGlobals) = postSolution
		SolutionGuid = {67C2C890-304A-432A-A24B-361261DC33FC}
	EndGlobalSection
EndGlobal
